
Microsoft Visual Studio Solution File, Format Version 12.00
# Visual Studio Version 16
VisualStudioVersion = 16.0.30002.166
MinimumVisualStudioVersion = 10.0.40219.1
Project("{9A19103F-16F7-4668-BE54-9A1E7A4F7556}") = "Homework Class08", "Homework Class08\Homework Class08.csproj", "{F6B3218F-BB48-4BC4-9A8A-978AFF829270}"
EndProject
Project("{FAE04EC0-301F-11D3-BF4B-00C04F79EFBC}") = "CarServicess", "CarServicess\CarServicess.csproj", "{A7B6580D-436F-41E8-9750-237A00271CF4}"
EndProject
Global
	GlobalSection(SolutionConfigurationPlatforms) = preSolution
		Debug|Any CPU = Debug|Any CPU
		Release|Any CPU = Release|Any CPU
	EndGlobalSection
	GlobalSection(ProjectConfigurationPlatforms) = postSolution
		{F6B3218F-BB48-4BC4-9A8A-978AFF829270}.Debug|Any CPU.ActiveCfg = Debug|Any CPU
		{F6B3218F-BB48-4BC4-9A8A-978AFF829270}.Debug|Any CPU.Build.0 = Debug|Any CPU
		{F6B3218F-BB48-4BC4-9A8A-978AFF829270}.Release|Any CPU.ActiveCfg = Release|Any CPU
		{F6B3218F-BB48-4BC4-9A8A-978AFF829270}.Release|Any CPU.Build.0 = Release|Any CPU
		{A7B6580D-436F-41E8-9750-237A00271CF4}.Debug|Any CPU.ActiveCfg = Debug|Any CPU
		{A7B6580D-436F-41E8-9750-237A00271CF4}.Debug|Any CPU.Build.0 = Debug|Any CPU
		{A7B6580D-436F-41E8-9750-237A00271CF4}.Release|Any CPU.ActiveCfg = Release|Any CPU
		{A7B6580D-436F-41E8-9750-237A00271CF4}.Release|Any CPU.Build.0 = Release|Any CPU
	EndGlobalSection
	GlobalSection(SolutionProperties) = preSolution
		HideSolutionNode = FALSE
	EndGlobalSection
	GlobalSection(ExtensibilityGlobals) = postSolution
		SolutionGuid = {102C2256-DAF8-4CEB-AD63-986F8A00BE67}
	EndGlobalSection
EndGlobal
