
Microsoft Visual Studio Solution File, Format Version 12.00
# Visual Studio Version 16
VisualStudioVersion = 16.0.30011.22
MinimumVisualStudioVersion = 10.0.40219.1
Project("{FAE04EC0-301F-11D3-BF4B-00C04F79EFBC}") = "Homework G6 Class08", "Homework G6 Class08\Homework G6 Class08.csproj", "{46FDB45B-32D6-463A-8742-4F3027F29C7D}"
EndProject
Global
	GlobalSection(SolutionConfigurationPlatforms) = preSolution
		Debug|Any CPU = Debug|Any CPU
		Release|Any CPU = Release|Any CPU
	EndGlobalSection
	GlobalSection(ProjectConfigurationPlatforms) = postSolution
		{46FDB45B-32D6-463A-8742-4F3027F29C7D}.Debug|Any CPU.ActiveCfg = Debug|Any CPU
		{46FDB45B-32D6-463A-8742-4F3027F29C7D}.Debug|Any CPU.Build.0 = Debug|Any CPU
		{46FDB45B-32D6-463A-8742-4F3027F29C7D}.Release|Any CPU.ActiveCfg = Release|Any CPU
		{46FDB45B-32D6-463A-8742-4F3027F29C7D}.Release|Any CPU.Build.0 = Release|Any CPU
	EndGlobalSection
	GlobalSection(SolutionProperties) = preSolution
		HideSolutionNode = FALSE
	EndGlobalSection
	GlobalSection(ExtensibilityGlobals) = postSolution
		SolutionGuid = {411009D6-9CAE-4257-8FAA-DFAD5CBB3A5B}
	EndGlobalSection
EndGlobal
