
Microsoft Visual Studio Solution File, Format Version 12.00
# Visual Studio Version 16
VisualStudioVersion = 16.0.30225.117
MinimumVisualStudioVersion = 10.0.40219.1
Project("{FAE04EC0-301F-11D3-BF4B-00C04F79EFBC}") = "Class12.Exercise", "Class12.Exercise\Class12.Exercise.csproj", "{B8B37A64-E841-4635-8FD6-1E960B07232B}"
EndProject
Global
	GlobalSection(SolutionConfigurationPlatforms) = preSolution
		Debug|Any CPU = Debug|Any CPU
		Release|Any CPU = Release|Any CPU
	EndGlobalSection
	GlobalSection(ProjectConfigurationPlatforms) = postSolution
		{B8B37A64-E841-4635-8FD6-1E960B07232B}.Debug|Any CPU.ActiveCfg = Debug|Any CPU
		{B8B37A64-E841-4635-8FD6-1E960B07232B}.Debug|Any CPU.Build.0 = Debug|Any CPU
		{B8B37A64-E841-4635-8FD6-1E960B07232B}.Release|Any CPU.ActiveCfg = Release|Any CPU
		{B8B37A64-E841-4635-8FD6-1E960B07232B}.Release|Any CPU.Build.0 = Release|Any CPU
	EndGlobalSection
	GlobalSection(SolutionProperties) = preSolution
		HideSolutionNode = FALSE
	EndGlobalSection
	GlobalSection(ExtensibilityGlobals) = postSolution
		SolutionGuid = {C9E7975F-D556-4982-B71D-BA2E6D458FB3}
	EndGlobalSection
EndGlobal
