
Microsoft Visual Studio Solution File, Format Version 12.00
# Visual Studio Version 16
VisualStudioVersion = 16.0.29920.165
MinimumVisualStudioVersion = 10.0.40219.1
Project("{FAE04EC0-301F-11D3-BF4B-00C04F79EFBC}") = "Class6-2 refractured", "Class6-2 refractured\Class6-2 refractured.csproj", "{13B47943-10B3-45AE-8C76-88D65E9D13BC}"
EndProject
Global
	GlobalSection(SolutionConfigurationPlatforms) = preSolution
		Debug|Any CPU = Debug|Any CPU
		Release|Any CPU = Release|Any CPU
	EndGlobalSection
	GlobalSection(ProjectConfigurationPlatforms) = postSolution
		{13B47943-10B3-45AE-8C76-88D65E9D13BC}.Debug|Any CPU.ActiveCfg = Debug|Any CPU
		{13B47943-10B3-45AE-8C76-88D65E9D13BC}.Debug|Any CPU.Build.0 = Debug|Any CPU
		{13B47943-10B3-45AE-8C76-88D65E9D13BC}.Release|Any CPU.ActiveCfg = Release|Any CPU
		{13B47943-10B3-45AE-8C76-88D65E9D13BC}.Release|Any CPU.Build.0 = Release|Any CPU
	EndGlobalSection
	GlobalSection(SolutionProperties) = preSolution
		HideSolutionNode = FALSE
	EndGlobalSection
	GlobalSection(ExtensibilityGlobals) = postSolution
		SolutionGuid = {2980A8E6-6A7E-4E70-820D-A83D582DB7D2}
	EndGlobalSection
EndGlobal
